// !$*UTF8*$!
{
	archiveVersion = 1;
	classes = {
	};
	objectVersion = 51;
	objects = {

/* Begin PBXBuildFile section */
		B95987396B64121412515891 /* Pods_IGLottieProgress.framework in Frameworks */ = {isa = PBXBuildFile; fileRef = 2752F2E5AF48A000F236E52C /* Pods_IGLottieProgress.framework */; };
		CD0F7E1E263F78D9001531A2 /* ball-spinner.json in Resources */ = {isa = PBXBuildFile; fileRef = CD0F7E1D263F78D9001531A2 /* ball-spinner.json */; };
		CD0F7E40264493CE001531A2 /* IGProgress.swift in Sources */ = {isa = PBXBuildFile; fileRef = CD0F7E3F264493CE001531A2 /* IGProgress.swift */; };
		CD4EEB47263F51D0004EC1A6 /* 58661-delivery-truck-loading-exporting.json in Resources */ = {isa = PBXBuildFile; fileRef = CD4EEB46263F51D0004EC1A6 /* 58661-delivery-truck-loading-exporting.json */; };
		CD85E5B1263DB970005E0ABA /* AppDelegate.swift in Sources */ = {isa = PBXBuildFile; fileRef = CD85E5B0263DB970005E0ABA /* AppDelegate.swift */; };
		CD85E5B3263DB970005E0ABA /* SceneDelegate.swift in Sources */ = {isa = PBXBuildFile; fileRef = CD85E5B2263DB970005E0ABA /* SceneDelegate.swift */; };
		CD85E5B5263DB970005E0ABA /* ViewController.swift in Sources */ = {isa = PBXBuildFile; fileRef = CD85E5B4263DB970005E0ABA /* ViewController.swift */; };
		CD85E5B8263DB970005E0ABA /* Main.storyboard in Resources */ = {isa = PBXBuildFile; fileRef = CD85E5B6263DB970005E0ABA /* Main.storyboard */; };
		CD85E5BA263DB978005E0ABA /* Assets.xcassets in Resources */ = {isa = PBXBuildFile; fileRef = CD85E5B9263DB978005E0ABA /* Assets.xcassets */; };
		CD85E5BD263DB978005E0ABA /* LaunchScreen.storyboard in Resources */ = {isa = PBXBuildFile; fileRef = CD85E5BB263DB978005E0ABA /* LaunchScreen.storyboard */; };
		CD85E5C7263DBEEA005E0ABA /* AlertLottie.storyboard in Resources */ = {isa = PBXBuildFile; fileRef = CD85E5C6263DBEEA005E0ABA /* AlertLottie.storyboard */; };
		CD85E5CA263DBF8B005E0ABA /* Config.swift in Sources */ = {isa = PBXBuildFile; fileRef = CD85E5C9263DBF8B005E0ABA /* Config.swift */; };
		CD85E5CF263F0356005E0ABA /* AlertLottieViewController.swift in Sources */ = {isa = PBXBuildFile; fileRef = CD85E5CE263F0356005E0ABA /* AlertLottieViewController.swift */; };
		CD85E5D2263F05B6005E0ABA /* Marker.json in Resources */ = {isa = PBXBuildFile; fileRef = CD85E5D1263F05B6005E0ABA /* Marker.json */; };
/* End PBXBuildFile section */

/* Begin PBXFileReference section */
		236E5FD8BE437565165C7F7B /* Pods-IGLottieProgress.debug.xcconfig */ = {isa = PBXFileReference; includeInIndex = 1; lastKnownFileType = text.xcconfig; name = "Pods-IGLottieProgress.debug.xcconfig"; path = "Target Support Files/Pods-IGLottieProgress/Pods-IGLottieProgress.debug.xcconfig"; sourceTree = "<group>"; };
		2752F2E5AF48A000F236E52C /* Pods_IGLottieProgress.framework */ = {isa = PBXFileReference; explicitFileType = wrapper.framework; includeInIndex = 0; path = Pods_IGLottieProgress.framework; sourceTree = BUILT_PRODUCTS_DIR; };
		2BA33584EBBBB6C6E16BFE18 /* Pods-IGLottieProgress.release.xcconfig */ = {isa = PBXFileReference; includeInIndex = 1; lastKnownFileType = text.xcconfig; name = "Pods-IGLottieProgress.release.xcconfig"; path = "Target Support Files/Pods-IGLottieProgress/Pods-IGLottieProgress.release.xcconfig"; sourceTree = "<group>"; };
		CD0F7E1D263F78D9001531A2 /* ball-spinner.json */ = {isa = PBXFileReference; fileEncoding = 4; lastKnownFileType = text.json; path = "ball-spinner.json"; sourceTree = "<group>"; };
		CD0F7E3F264493CE001531A2 /* IGProgress.swift */ = {isa = PBXFileReference; lastKnownFileType = sourcecode.swift; path = IGProgress.swift; sourceTree = "<group>"; };
		CD4EEB46263F51D0004EC1A6 /* 58661-delivery-truck-loading-exporting.json */ = {isa = PBXFileReference; fileEncoding = 4; lastKnownFileType = text.json; path = "58661-delivery-truck-loading-exporting.json"; sourceTree = "<group>"; };
		CD85E5AD263DB970005E0ABA /* IGLottieProgress.app */ = {isa = PBXFileReference; explicitFileType = wrapper.application; includeInIndex = 0; path = IGLottieProgress.app; sourceTree = BUILT_PRODUCTS_DIR; };
		CD85E5B0263DB970005E0ABA /* AppDelegate.swift */ = {isa = PBXFileReference; lastKnownFileType = sourcecode.swift; path = AppDelegate.swift; sourceTree = "<group>"; };
		CD85E5B2263DB970005E0ABA /* SceneDelegate.swift */ = {isa = PBXFileReference; lastKnownFileType = sourcecode.swift; path = SceneDelegate.swift; sourceTree = "<group>"; };
		CD85E5B4263DB970005E0ABA /* ViewController.swift */ = {isa = PBXFileReference; lastKnownFileType = sourcecode.swift; path = ViewController.swift; sourceTree = "<group>"; };
		CD85E5B7263DB970005E0ABA /* Base */ = {isa = PBXFileReference; lastKnownFileType = file.storyboard; name = Base; path = Base.lproj/Main.storyboard; sourceTree = "<group>"; };
		CD85E5B9263DB978005E0ABA /* Assets.xcassets */ = {isa = PBXFileReference; lastKnownFileType = folder.assetcatalog; path = Assets.xcassets; sourceTree = "<group>"; };
		CD85E5BC263DB978005E0ABA /* Base */ = {isa = PBXFileReference; lastKnownFileType = file.storyboard; name = Base; path = Base.lproj/LaunchScreen.storyboard; sourceTree = "<group>"; };
		CD85E5BE263DB978005E0ABA /* Info.plist */ = {isa = PBXFileReference; lastKnownFileType = text.plist.xml; path = Info.plist; sourceTree = "<group>"; };
		CD85E5C6263DBEEA005E0ABA /* AlertLottie.storyboard */ = {isa = PBXFileReference; lastKnownFileType = file.storyboard; path = AlertLottie.storyboard; sourceTree = "<group>"; };
		CD85E5C9263DBF8B005E0ABA /* Config.swift */ = {isa = PBXFileReference; lastKnownFileType = sourcecode.swift; path = Config.swift; sourceTree = "<group>"; };
		CD85E5CE263F0356005E0ABA /* AlertLottieViewController.swift */ = {isa = PBXFileReference; lastKnownFileType = sourcecode.swift; path = AlertLottieViewController.swift; sourceTree = "<group>"; };
		CD85E5D1263F05B6005E0ABA /* Marker.json */ = {isa = PBXFileReference; fileEncoding = 4; lastKnownFileType = text.json; path = Marker.json; sourceTree = "<group>"; };
/* End PBXFileReference section */

/* Begin PBXFrameworksBuildPhase section */
		CD85E5AA263DB970005E0ABA /* Frameworks */ = {
			isa = PBXFrameworksBuildPhase;
			buildActionMask = 2147483647;
			files = (
				B95987396B64121412515891 /* Pods_IGLottieProgress.framework in Frameworks */,
			);
			runOnlyForDeploymentPostprocessing = 0;
		};
/* End PBXFrameworksBuildPhase section */

/* Begin PBXGroup section */
		1F4ACD6DF61C7C635A4AA469 /* Pods */ = {
			isa = PBXGroup;
			children = (
				236E5FD8BE437565165C7F7B /* Pods-IGLottieProgress.debug.xcconfig */,
				2BA33584EBBBB6C6E16BFE18 /* Pods-IGLottieProgress.release.xcconfig */,
			);
			path = Pods;
			sourceTree = "<group>";
		};
		CD85E5A4263DB970005E0ABA = {
			isa = PBXGroup;
			children = (
				CD85E5AF263DB970005E0ABA /* IGLottieProgress */,
				CD85E5AE263DB970005E0ABA /* Products */,
				1F4ACD6DF61C7C635A4AA469 /* Pods */,
				E6E3A3E7E0D398D3E866D7CD /* Frameworks */,
			);
			sourceTree = "<group>";
		};
		CD85E5AE263DB970005E0ABA /* Products */ = {
			isa = PBXGroup;
			children = (
				CD85E5AD263DB970005E0ABA /* IGLottieProgress.app */,
			);
			name = Products;
			sourceTree = "<group>";
		};
		CD85E5AF263DB970005E0ABA /* IGLottieProgress */ = {
			isa = PBXGroup;
			children = (
				CD4EEB46263F51D0004EC1A6 /* 58661-delivery-truck-loading-exporting.json */,
				CD85E5D1263F05B6005E0ABA /* Marker.json */,
				CD0F7E1D263F78D9001531A2 /* ball-spinner.json */,
				CD85E5D0263F0533005E0ABA /* Assets */,
				CD85E5CB263DC059005E0ABA /* Main */,
				CD85E5C8263DBF55005E0ABA /* Interface */,
				CD85E5C5263DBECA005E0ABA /* Models */,
				CD85E5C4263DBEBA005E0ABA /* Helpers */,
				CD85E5B0263DB970005E0ABA /* AppDelegate.swift */,
				CD85E5C9263DBF8B005E0ABA /* Config.swift */,
				CD85E5B2263DB970005E0ABA /* SceneDelegate.swift */,
				CD85E5B4263DB970005E0ABA /* ViewController.swift */,
				CD85E5B6263DB970005E0ABA /* Main.storyboard */,
				CD85E5B9263DB978005E0ABA /* Assets.xcassets */,
				CD85E5BB263DB978005E0ABA /* LaunchScreen.storyboard */,
				CD85E5BE263DB978005E0ABA /* Info.plist */,
				CD85E5C6263DBEEA005E0ABA /* AlertLottie.storyboard */,
				CD85E5CE263F0356005E0ABA /* AlertLottieViewController.swift */,
			);
			path = IGLottieProgress;
			sourceTree = "<group>";
		};
		CD85E5C4263DBEBA005E0ABA /* Helpers */ = {
			isa = PBXGroup;
			children = (
			);
			path = Helpers;
			sourceTree = "<group>";
		};
		CD85E5C5263DBECA005E0ABA /* Models */ = {
			isa = PBXGroup;
			children = (
			);
			path = Models;
			sourceTree = "<group>";
		};
		CD85E5C8263DBF55005E0ABA /* Interface */ = {
			isa = PBXGroup;
			children = (
			);
			name = Interface;
			sourceTree = "<group>";
		};
		CD85E5CB263DC059005E0ABA /* Main */ = {
			isa = PBXGroup;
			children = (
				CD0F7E3F264493CE001531A2 /* IGProgress.swift */,
			);
			path = Main;
			sourceTree = "<group>";
		};
		CD85E5D0263F0533005E0ABA /* Assets */ = {
			isa = PBXGroup;
			children = (
			);
			path = Assets;
			sourceTree = "<group>";
		};
		E6E3A3E7E0D398D3E866D7CD /* Frameworks */ = {
			isa = PBXGroup;
			children = (
				2752F2E5AF48A000F236E52C /* Pods_IGLottieProgress.framework */,
			);
			name = Frameworks;
			sourceTree = "<group>";
		};
/* End PBXGroup section */

/* Begin PBXNativeTarget section */
		CD85E5AC263DB970005E0ABA /* IGLottieProgress */ = {
			isa = PBXNativeTarget;
			buildConfigurationList = CD85E5C1263DB978005E0ABA /* Build configuration list for PBXNativeTarget "IGLottieProgress" */;
			buildPhases = (
				1C0981C2CFDF23185E0C5BC7 /* [CP] Check Pods Manifest.lock */,
				CD85E5A9263DB970005E0ABA /* Sources */,
				CD85E5AA263DB970005E0ABA /* Frameworks */,
				CD85E5AB263DB970005E0ABA /* Resources */,
				DCC03F14494684B0166F7560 /* [CP] Embed Pods Frameworks */,
			);
			buildRules = (
			);
			dependencies = (
			);
			name = IGLottieProgress;
			productName = IGLottieProgress;
			productReference = CD85E5AD263DB970005E0ABA /* IGLottieProgress.app */;
			productType = "com.apple.product-type.application";
		};
/* End PBXNativeTarget section */

/* Begin PBXProject section */
		CD85E5A5263DB970005E0ABA /* Project object */ = {
			isa = PBXProject;
			attributes = {
				LastSwiftUpdateCheck = 1250;
				LastUpgradeCheck = 1250;
				TargetAttributes = {
					CD85E5AC263DB970005E0ABA = {
						CreatedOnToolsVersion = 12.5;
					};
				};
			};
			buildConfigurationList = CD85E5A8263DB970005E0ABA /* Build configuration list for PBXProject "IGLottieProgress" */;
			compatibilityVersion = "Xcode 9.3";
			developmentRegion = en;
			hasScannedForEncodings = 0;
			knownRegions = (
				en,
				Base,
			);
			mainGroup = CD85E5A4263DB970005E0ABA;
			productRefGroup = CD85E5AE263DB970005E0ABA /* Products */;
			projectDirPath = "";
			projectRoot = "";
			targets = (
				CD85E5AC263DB970005E0ABA /* IGLottieProgress */,
			);
		};
/* End PBXProject section */

/* Begin PBXResourcesBuildPhase section */
		CD85E5AB263DB970005E0ABA /* Resources */ = {
			isa = PBXResourcesBuildPhase;
			buildActionMask = 2147483647;
			files = (
				CD4EEB47263F51D0004EC1A6 /* 58661-delivery-truck-loading-exporting.json in Resources */,
				CD85E5D2263F05B6005E0ABA /* Marker.json in Resources */,
				CD0F7E1E263F78D9001531A2 /* ball-spinner.json in Resources */,
				CD85E5BD263DB978005E0ABA /* LaunchScreen.storyboard in Resources */,
				CD85E5BA263DB978005E0ABA /* Assets.xcassets in Resources */,
				CD85E5C7263DBEEA005E0ABA /* AlertLottie.storyboard in Resources */,
				CD85E5B8263DB970005E0ABA /* Main.storyboard in Resources */,
			);
			runOnlyForDeploymentPostprocessing = 0;
		};
/* End PBXResourcesBuildPhase section */

/* Begin PBXShellScriptBuildPhase section */
		1C0981C2CFDF23185E0C5BC7 /* [CP] Check Pods Manifest.lock */ = {
			isa = PBXShellScriptBuildPhase;
			buildActionMask = 2147483647;
			files = (
			);
			inputFileListPaths = (
			);
			inputPaths = (
				"${PODS_PODFILE_DIR_PATH}/Podfile.lock",
				"${PODS_ROOT}/Manifest.lock",
			);
			name = "[CP] Check Pods Manifest.lock";
			outputFileListPaths = (
			);
			outputPaths = (
				"$(DERIVED_FILE_DIR)/Pods-IGLottieProgress-checkManifestLockResult.txt",
			);
			runOnlyForDeploymentPostprocessing = 0;
			shellPath = /bin/sh;
			shellScript = "diff \"${PODS_PODFILE_DIR_PATH}/Podfile.lock\" \"${PODS_ROOT}/Manifest.lock\" > /dev/null\nif [ $? != 0 ] ; then\n    # print error to STDERR\n    echo \"error: The sandbox is not in sync with the Podfile.lock. Run 'pod install' or update your CocoaPods installation.\" >&2\n    exit 1\nfi\n# This output is used by Xcode 'outputs' to avoid re-running this script phase.\necho \"SUCCESS\" > \"${SCRIPT_OUTPUT_FILE_0}\"\n";
			showEnvVarsInLog = 0;
		};
		DCC03F14494684B0166F7560 /* [CP] Embed Pods Frameworks */ = {
			isa = PBXShellScriptBuildPhase;
			buildActionMask = 2147483647;
			files = (
			);
			inputFileListPaths = (
				"${PODS_ROOT}/Target Support Files/Pods-IGLottieProgress/Pods-IGLottieProgress-frameworks-${CONFIGURATION}-input-files.xcfilelist",
			);
			name = "[CP] Embed Pods Frameworks";
			outputFileListPaths = (
				"${PODS_ROOT}/Target Support Files/Pods-IGLottieProgress/Pods-IGLottieProgress-frameworks-${CONFIGURATION}-output-files.xcfilelist",
			);
			runOnlyForDeploymentPostprocessing = 0;
			shellPath = /bin/sh;
			shellScript = "\"${PODS_ROOT}/Target Support Files/Pods-IGLottieProgress/Pods-IGLottieProgress-frameworks.sh\"\n";
			showEnvVarsInLog = 0;
		};
/* End PBXShellScriptBuildPhase section */

/* Begin PBXSourcesBuildPhase section */
		CD85E5A9263DB970005E0ABA /* Sources */ = {
			isa = PBXSourcesBuildPhase;
			buildActionMask = 2147483647;
			files = (
				CD0F7E40264493CE001531A2 /* IGProgress.swift in Sources */,
				CD85E5B5263DB970005E0ABA /* ViewController.swift in Sources */,
				CD85E5CA263DBF8B005E0ABA /* Config.swift in Sources */,
				CD85E5B1263DB970005E0ABA /* AppDelegate.swift in Sources */,
				CD85E5CF263F0356005E0ABA /* AlertLottieViewController.swift in Sources */,
				CD85E5B3263DB970005E0ABA /* SceneDelegate.swift in Sources */,
			);
			runOnlyForDeploymentPostprocessing = 0;
		};
/* End PBXSourcesBuildPhase section */

/* Begin PBXVariantGroup section */
		CD85E5B6263DB970005E0ABA /* Main.storyboard */ = {
			isa = PBXVariantGroup;
			children = (
				CD85E5B7263DB970005E0ABA /* Base */,
			);
			name = Main.storyboard;
			sourceTree = "<group>";
		};
		CD85E5BB263DB978005E0ABA /* LaunchScreen.storyboard */ = {
			isa = PBXVariantGroup;
			children = (
				CD85E5BC263DB978005E0ABA /* Base */,
			);
			name = LaunchScreen.storyboard;
			sourceTree = "<group>";
		};
/* End PBXVariantGroup section */

/* Begin XCBuildConfiguration section */
		CD85E5BF263DB978005E0ABA /* Debug */ = {
			isa = XCBuildConfiguration;
			buildSettings = {
				ALWAYS_SEARCH_USER_PATHS = NO;
				CLANG_ANALYZER_NONNULL = YES;
				CLANG_ANALYZER_NUMBER_OBJECT_CONVERSION = YES_AGGRESSIVE;
				CLANG_CXX_LANGUAGE_STANDARD = "gnu++14";
				CLANG_CXX_LIBRARY = "libc++";
				CLANG_ENABLE_MODULES = YES;
				CLANG_ENABLE_OBJC_ARC = YES;
				CLANG_ENABLE_OBJC_WEAK = YES;
				CLANG_WARN_BLOCK_CAPTURE_AUTORELEASING = YES;
				CLANG_WARN_BOOL_CONVERSION = YES;
				CLANG_WARN_COMMA = YES;
				CLANG_WARN_CONSTANT_CONVERSION = YES;
				CLANG_WARN_DEPRECATED_OBJC_IMPLEMENTATIONS = YES;
				CLANG_WARN_DIRECT_OBJC_ISA_USAGE = YES_ERROR;
				CLANG_WARN_DOCUMENTATION_COMMENTS = YES;
				CLANG_WARN_EMPTY_BODY = YES;
				CLANG_WARN_ENUM_CONVERSION = YES;
				CLANG_WARN_INFINITE_RECURSION = YES;
				CLANG_WARN_INT_CONVERSION = YES;
				CLANG_WARN_NON_LITERAL_NULL_CONVERSION = YES;
				CLANG_WARN_OBJC_IMPLICIT_RETAIN_SELF = YES;
				CLANG_WARN_OBJC_LITERAL_CONVERSION = YES;
				CLANG_WARN_OBJC_ROOT_CLASS = YES_ERROR;
				CLANG_WARN_QUOTED_INCLUDE_IN_FRAMEWORK_HEADER = YES;
				CLANG_WARN_RANGE_LOOP_ANALYSIS = YES;
				CLANG_WARN_STRICT_PROTOTYPES = YES;
				CLANG_WARN_SUSPICIOUS_MOVE = YES;
				CLANG_WARN_UNGUARDED_AVAILABILITY = YES_AGGRESSIVE;
				CLANG_WARN_UNREACHABLE_CODE = YES;
				CLANG_WARN__DUPLICATE_METHOD_MATCH = YES;
				COPY_PHASE_STRIP = NO;
				DEBUG_INFORMATION_FORMAT = dwarf;
				ENABLE_STRICT_OBJC_MSGSEND = YES;
				ENABLE_TESTABILITY = YES;
				GCC_C_LANGUAGE_STANDARD = gnu11;
				GCC_DYNAMIC_NO_PIC = NO;
				GCC_NO_COMMON_BLOCKS = YES;
				GCC_OPTIMIZATION_LEVEL = 0;
				GCC_PREPROCESSOR_DEFINITIONS = (
					"DEBUG=1",
					"$(inherited)",
				);
				GCC_WARN_64_TO_32_BIT_CONVERSION = YES;
				GCC_WARN_ABOUT_RETURN_TYPE = YES_ERROR;
				GCC_WARN_UNDECLARED_SELECTOR = YES;
				GCC_WARN_UNINITIALIZED_AUTOS = YES_AGGRESSIVE;
				GCC_WARN_UNUSED_FUNCTION = YES;
				GCC_WARN_UNUSED_VARIABLE = YES;
				IPHONEOS_DEPLOYMENT_TARGET = 14.5;
				MTL_ENABLE_DEBUG_INFO = INCLUDE_SOURCE;
				MTL_FAST_MATH = YES;
				ONLY_ACTIVE_ARCH = YES;
				SDKROOT = iphoneos;
				SWIFT_ACTIVE_COMPILATION_CONDITIONS = DEBUG;
				SWIFT_OPTIMIZATION_LEVEL = "-Onone";
			};
			name = Debug;
		};
		CD85E5C0263DB978005E0ABA /* Release */ = {
			isa = XCBuildConfiguration;
			buildSettings = {
				ALWAYS_SEARCH_USER_PATHS = NO;
				CLANG_ANALYZER_NONNULL = YES;
				CLANG_ANALYZER_NUMBER_OBJECT_CONVERSION = YES_AGGRESSIVE;
				CLANG_CXX_LANGUAGE_STANDARD = "gnu++14";
				CLANG_CXX_LIBRARY = "libc++";
				CLANG_ENABLE_MODULES = YES;
				CLANG_ENABLE_OBJC_ARC = YES;
				CLANG_ENABLE_OBJC_WEAK = YES;
				CLANG_WARN_BLOCK_CAPTURE_AUTORELEASING = YES;
				CLANG_WARN_BOOL_CONVERSION = YES;
				CLANG_WARN_COMMA = YES;
				CLANG_WARN_CONSTANT_CONVERSION = YES;
				CLANG_WARN_DEPRECATED_OBJC_IMPLEMENTATIONS = YES;
				CLANG_WARN_DIRECT_OBJC_ISA_USAGE = YES_ERROR;
				CLANG_WARN_DOCUMENTATION_COMMENTS = YES;
				CLANG_WARN_EMPTY_BODY = YES;
				CLANG_WARN_ENUM_CONVERSION = YES;
				CLANG_WARN_INFINITE_RECURSION = YES;
				CLANG_WARN_INT_CONVERSION = YES;
				CLANG_WARN_NON_LITERAL_NULL_CONVERSION = YES;
				CLANG_WARN_OBJC_IMPLICIT_RETAIN_SELF = YES;
				CLANG_WARN_OBJC_LITERAL_CONVERSION = YES;
				CLANG_WARN_OBJC_ROOT_CLASS = YES_ERROR;
				CLANG_WARN_QUOTED_INCLUDE_IN_FRAMEWORK_HEADER = YES;
				CLANG_WARN_RANGE_LOOP_ANALYSIS = YES;
				CLANG_WARN_STRICT_PROTOTYPES = YES;
				CLANG_WARN_SUSPICIOUS_MOVE = YES;
				CLANG_WARN_UNGUARDED_AVAILABILITY = YES_AGGRESSIVE;
				CLANG_WARN_UNREACHABLE_CODE = YES;
				CLANG_WARN__DUPLICATE_METHOD_MATCH = YES;
				COPY_PHASE_STRIP = NO;
				DEBUG_INFORMATION_FORMAT = "dwarf-with-dsym";
				ENABLE_NS_ASSERTIONS = NO;
				ENABLE_STRICT_OBJC_MSGSEND = YES;
				GCC_C_LANGUAGE_STANDARD = gnu11;
				GCC_NO_COMMON_BLOCKS = YES;
				GCC_WARN_64_TO_32_BIT_CONVERSION = YES;
				GCC_WARN_ABOUT_RETURN_TYPE = YES_ERROR;
				GCC_WARN_UNDECLARED_SELECTOR = YES;
				GCC_WARN_UNINITIALIZED_AUTOS = YES_AGGRESSIVE;
				GCC_WARN_UNUSED_FUNCTION = YES;
				GCC_WARN_UNUSED_VARIABLE = YES;
				IPHONEOS_DEPLOYMENT_TARGET = 14.5;
				MTL_ENABLE_DEBUG_INFO = NO;
				MTL_FAST_MATH = YES;
				SDKROOT = iphoneos;
				SWIFT_COMPILATION_MODE = wholemodule;
				SWIFT_OPTIMIZATION_LEVEL = "-O";
				VALIDATE_PRODUCT = YES;
			};
			name = Release;
		};
		CD85E5C2263DB978005E0ABA /* Debug */ = {
			isa = XCBuildConfiguration;
			baseConfigurationReference = 236E5FD8BE437565165C7F7B /* Pods-IGLottieProgress.debug.xcconfig */;
			buildSettings = {
				ASSETCATALOG_COMPILER_APPICON_NAME = AppIcon;
				ASSETCATALOG_COMPILER_GLOBAL_ACCENT_COLOR_NAME = AccentColor;
				CODE_SIGN_STYLE = Automatic;
				DEVELOPMENT_TEAM = 8JAUBS74VC;
				INFOPLIST_FILE = IGLottieProgress/Info.plist;
				LD_RUNPATH_SEARCH_PATHS = (
					"$(inherited)",
					"@executable_path/Frameworks",
				);
				PRODUCT_BUNDLE_IDENTIFIER = com.ap.IGLottieProgress.IGLottieProgress;
				PRODUCT_NAME = "$(TARGET_NAME)";
				SWIFT_VERSION = 5.0;
				TARGETED_DEVICE_FAMILY = "1,2";
			};
			name = Debug;
		};
		CD85E5C3263DB978005E0ABA /* Release */ = {
			isa = XCBuildConfiguration;
			baseConfigurationReference = 2BA33584EBBBB6C6E16BFE18 /* Pods-IGLottieProgress.release.xcconfig */;
			buildSettings = {
				ASSETCATALOG_COMPILER_APPICON_NAME = AppIcon;
				ASSETCATALOG_COMPILER_GLOBAL_ACCENT_COLOR_NAME = AccentColor;
				CODE_SIGN_STYLE = Automatic;
				DEVELOPMENT_TEAM = 8JAUBS74VC;
				INFOPLIST_FILE = IGLottieProgress/Info.plist;
				LD_RUNPATH_SEARCH_PATHS = (
					"$(inherited)",
					"@executable_path/Frameworks",
				);
				PRODUCT_BUNDLE_IDENTIFIER = com.ap.IGLottieProgress.IGLottieProgress;
				PRODUCT_NAME = "$(TARGET_NAME)";
				SWIFT_VERSION = 5.0;
				TARGETED_DEVICE_FAMILY = "1,2";
			};
			name = Release;
		};
/* End XCBuildConfiguration section */

/* Begin XCConfigurationList section */
		CD85E5A8263DB970005E0ABA /* Build configuration list for PBXProject "IGLottieProgress" */ = {
			isa = XCConfigurationList;
			buildConfigurations = (
				CD85E5BF263DB978005E0ABA /* Debug */,
				CD85E5C0263DB978005E0ABA /* Release */,
			);
			defaultConfigurationIsVisible = 0;
			defaultConfigurationName = Release;
		};
		CD85E5C1263DB978005E0ABA /* Build configuration list for PBXNativeTarget "IGLottieProgress" */ = {
			isa = XCConfigurationList;
			buildConfigurations = (
				CD85E5C2263DB978005E0ABA /* Debug */,
				CD85E5C3263DB978005E0ABA /* Release */,
			);
			defaultConfigurationIsVisible = 0;
			defaultConfigurationName = Release;
		};
/* End XCConfigurationList section */
	};
	rootObject = CD85E5A5263DB970005E0ABA /* Project object */;
}
